
Microsoft Visual Studio Solution File, Format Version 12.00
# Visual Studio Version 17
VisualStudioVersion = 17.7.34031.279
MinimumVisualStudioVersion = 10.0.40219.1
Project("{9A19103F-16F7-4668-BE54-9A1E7A4F7556}") = "RecruitmentTest.Api", "RecruitmentTest.Api\RecruitmentTest.Api.csproj", "{03DAC599-C63D-49C4-A604-FF801B53D161}"
EndProject
Project("{9A19103F-16F7-4668-BE54-9A1E7A4F7556}") = "RecruitmentTest.Domain", "RecruitmentTest.Domain\RecruitmentTest.Domain.csproj", "{198791DA-B028-426C-B614-94A9BB008453}"
EndProject
Project("{9A19103F-16F7-4668-BE54-9A1E7A4F7556}") = "RecruitmentTest.DataAccess", "RecruitmentTest.DataAccess\RecruitmentTest.DataAccess.csproj", "{516822F8-BCB3-4401-BAE1-2A5D1E5AC9A4}"
EndProject
Global
	GlobalSection(SolutionConfigurationPlatforms) = preSolution
		Debug|Any CPU = Debug|Any CPU
		Release|Any CPU = Release|Any CPU
	EndGlobalSection
	GlobalSection(ProjectConfigurationPlatforms) = postSolution
		{03DAC599-C63D-49C4-A604-FF801B53D161}.Debug|Any CPU.ActiveCfg = Debug|Any CPU
		{03DAC599-C63D-49C4-A604-FF801B53D161}.Debug|Any CPU.Build.0 = Debug|Any CPU
		{03DAC599-C63D-49C4-A604-FF801B53D161}.Release|Any CPU.ActiveCfg = Release|Any CPU
		{03DAC599-C63D-49C4-A604-FF801B53D161}.Release|Any CPU.Build.0 = Release|Any CPU
		{198791DA-B028-426C-B614-94A9BB008453}.Debug|Any CPU.ActiveCfg = Debug|Any CPU
		{198791DA-B028-426C-B614-94A9BB008453}.Debug|Any CPU.Build.0 = Debug|Any CPU
		{198791DA-B028-426C-B614-94A9BB008453}.Release|Any CPU.ActiveCfg = Release|Any CPU
		{198791DA-B028-426C-B614-94A9BB008453}.Release|Any CPU.Build.0 = Release|Any CPU
		{516822F8-BCB3-4401-BAE1-2A5D1E5AC9A4}.Debug|Any CPU.ActiveCfg = Debug|Any CPU
		{516822F8-BCB3-4401-BAE1-2A5D1E5AC9A4}.Debug|Any CPU.Build.0 = Debug|Any CPU
		{516822F8-BCB3-4401-BAE1-2A5D1E5AC9A4}.Release|Any CPU.ActiveCfg = Release|Any CPU
		{516822F8-BCB3-4401-BAE1-2A5D1E5AC9A4}.Release|Any CPU.Build.0 = Release|Any CPU
	EndGlobalSection
	GlobalSection(SolutionProperties) = preSolution
		HideSolutionNode = FALSE
	EndGlobalSection
	GlobalSection(ExtensibilityGlobals) = postSolution
		SolutionGuid = {2DB74FC0-6863-4355-A62A-ED818D7D1CC2}
	EndGlobalSection
EndGlobal
